
Microsoft Visual Studio Solution File, Format Version 12.00
# Visual Studio 2012
Project("{8BC9CEB8-8B4A-11D0-8D11-00A0C91BC942}") = "TAIS_Practica2_N", "TAIS_Practica2_N\TAIS_Practica2_N.vcxproj", "{3FB5BCC0-D42B-4883-A250-52A01B869060}"
EndProject
Global
	GlobalSection(SolutionConfigurationPlatforms) = preSolution
		Debug|Win32 = Debug|Win32
		Release|Win32 = Release|Win32
	EndGlobalSection
	GlobalSection(ProjectConfigurationPlatforms) = postSolution
		{3FB5BCC0-D42B-4883-A250-52A01B869060}.Debug|Win32.ActiveCfg = Debug|Win32
		{3FB5BCC0-D42B-4883-A250-52A01B869060}.Debug|Win32.Build.0 = Debug|Win32
		{3FB5BCC0-D42B-4883-A250-52A01B869060}.Release|Win32.ActiveCfg = Release|Win32
		{3FB5BCC0-D42B-4883-A250-52A01B869060}.Release|Win32.Build.0 = Release|Win32
	EndGlobalSection
	GlobalSection(SolutionProperties) = preSolution
		HideSolutionNode = FALSE
	EndGlobalSection
EndGlobal
